
Microsoft Visual Studio Solution File, Format Version 12.00
# Visual Studio Version 17
VisualStudioVersion = 17.0.31903.59
MinimumVisualStudioVersion = 10.0.40219.1
Project("{2150E333-8FDC-42A3-9474-1A3956D46DE8}") = "src", "src", "{827E0CD3-B72D-47B6-A68D-7590B98EB39B}"
EndProject
Project("{FAE04EC0-301F-11D3-BF4B-00C04F79EFBC}") = "RPGEngine", "src\RPGEngine\RPGEngine.csproj", "{98C7D07D-98A1-4CAD-ACED-ACEDDB20D1ED}"
EndProject
Project("{2150E333-8FDC-42A3-9474-1A3956D46DE8}") = "tests", "tests", "{0AB3BF05-4346-4AA6-1389-037BE0695223}"
EndProject
Project("{FAE04EC0-301F-11D3-BF4B-00C04F79EFBC}") = "RPGEngine.Tests", "tests\RPGEngine.Tests\RPGEngine.Tests.csproj", "{7EE64367-FFAB-4AD6-83E4-2DBB6D9D2851}"
EndProject
Global
	GlobalSection(SolutionConfigurationPlatforms) = preSolution
		Debug|Any CPU = Debug|Any CPU
		Debug|x64 = Debug|x64
		Debug|x86 = Debug|x86
		Release|Any CPU = Release|Any CPU
		Release|x64 = Release|x64
		Release|x86 = Release|x86
	EndGlobalSection
	GlobalSection(ProjectConfigurationPlatforms) = postSolution
		{98C7D07D-98A1-4CAD-ACED-ACEDDB20D1ED}.Debug|Any CPU.ActiveCfg = Debug|Any CPU
		{98C7D07D-98A1-4CAD-ACED-ACEDDB20D1ED}.Debug|Any CPU.Build.0 = Debug|Any CPU
		{98C7D07D-98A1-4CAD-ACED-ACEDDB20D1ED}.Debug|x64.ActiveCfg = Debug|Any CPU
		{98C7D07D-98A1-4CAD-ACED-ACEDDB20D1ED}.Debug|x64.Build.0 = Debug|Any CPU
		{98C7D07D-98A1-4CAD-ACED-ACEDDB20D1ED}.Debug|x86.ActiveCfg = Debug|Any CPU
		{98C7D07D-98A1-4CAD-ACED-ACEDDB20D1ED}.Debug|x86.Build.0 = Debug|Any CPU
		{98C7D07D-98A1-4CAD-ACED-ACEDDB20D1ED}.Release|Any CPU.ActiveCfg = Release|Any CPU
		{98C7D07D-98A1-4CAD-ACED-ACEDDB20D1ED}.Release|Any CPU.Build.0 = Release|Any CPU
		{98C7D07D-98A1-4CAD-ACED-ACEDDB20D1ED}.Release|x64.ActiveCfg = Release|Any CPU
		{98C7D07D-98A1-4CAD-ACED-ACEDDB20D1ED}.Release|x64.Build.0 = Release|Any CPU
		{98C7D07D-98A1-4CAD-ACED-ACEDDB20D1ED}.Release|x86.ActiveCfg = Release|Any CPU
		{98C7D07D-98A1-4CAD-ACED-ACEDDB20D1ED}.Release|x86.Build.0 = Release|Any CPU
		{7EE64367-FFAB-4AD6-83E4-2DBB6D9D2851}.Debug|Any CPU.ActiveCfg = Debug|Any CPU
		{7EE64367-FFAB-4AD6-83E4-2DBB6D9D2851}.Debug|Any CPU.Build.0 = Debug|Any CPU
		{7EE64367-FFAB-4AD6-83E4-2DBB6D9D2851}.Debug|x64.ActiveCfg = Debug|Any CPU
		{7EE64367-FFAB-4AD6-83E4-2DBB6D9D2851}.Debug|x64.Build.0 = Debug|Any CPU
		{7EE64367-FFAB-4AD6-83E4-2DBB6D9D2851}.Debug|x86.ActiveCfg = Debug|Any CPU
		{7EE64367-FFAB-4AD6-83E4-2DBB6D9D2851}.Debug|x86.Build.0 = Debug|Any CPU
		{7EE64367-FFAB-4AD6-83E4-2DBB6D9D2851}.Release|Any CPU.ActiveCfg = Release|Any CPU
		{7EE64367-FFAB-4AD6-83E4-2DBB6D9D2851}.Release|Any CPU.Build.0 = Release|Any CPU
		{7EE64367-FFAB-4AD6-83E4-2DBB6D9D2851}.Release|x64.ActiveCfg = Release|Any CPU
		{7EE64367-FFAB-4AD6-83E4-2DBB6D9D2851}.Release|x64.Build.0 = Release|Any CPU
		{7EE64367-FFAB-4AD6-83E4-2DBB6D9D2851}.Release|x86.ActiveCfg = Release|Any CPU
		{7EE64367-FFAB-4AD6-83E4-2DBB6D9D2851}.Release|x86.Build.0 = Release|Any CPU
	EndGlobalSection
	GlobalSection(SolutionProperties) = preSolution
		HideSolutionNode = FALSE
	EndGlobalSection
	GlobalSection(NestedProjects) = preSolution
		{98C7D07D-98A1-4CAD-ACED-ACEDDB20D1ED} = {827E0CD3-B72D-47B6-A68D-7590B98EB39B}
		{7EE64367-FFAB-4AD6-83E4-2DBB6D9D2851} = {0AB3BF05-4346-4AA6-1389-037BE0695223}
	EndGlobalSection
EndGlobal
